// !$*UTF8*$!
{
	archiveVersion = 1;
	classes = {
	};
	objectVersion = 48;
	objects = {

/* Begin PBXBuildFile section */
		BF879E521F3C9B9A00DABE32 /* AppDelegate.swift in Sources */ = {isa = PBXBuildFile; fileRef = BF879E511F3C9B9A00DABE32 /* AppDelegate.swift */; };
		BF879E541F3C9B9A00DABE32 /* ViewController.swift in Sources */ = {isa = PBXBuildFile; fileRef = BF879E531F3C9B9A00DABE32 /* ViewController.swift */; };
		BF879E571F3C9B9A00DABE32 /* Main.storyboard in Resources */ = {isa = PBXBuildFile; fileRef = BF879E551F3C9B9A00DABE32 /* Main.storyboard */; };
		BF879E591F3C9B9A00DABE32 /* Assets.xcassets in Resources */ = {isa = PBXBuildFile; fileRef = BF879E581F3C9B9A00DABE32 /* Assets.xcassets */; };
		BF879E5C1F3C9B9A00DABE32 /* LaunchScreen.storyboard in Resources */ = {isa = PBXBuildFile; fileRef = BF879E5A1F3C9B9A00DABE32 /* LaunchScreen.storyboard */; };
/* End PBXBuildFile section */

/* Begin PBXFileReference section */
		BF879E4E1F3C9B9A00DABE32 /* chooseInsurance.app */ = {isa = PBXFileReference; explicitFileType = wrapper.application; includeInIndex = 0; path = chooseInsurance.app; sourceTree = BUILT_PRODUCTS_DIR; };
		BF879E511F3C9B9A00DABE32 /* AppDelegate.swift */ = {isa = PBXFileReference; lastKnownFileType = sourcecode.swift; path = AppDelegate.swift; sourceTree = "<group>"; };
		BF879E531F3C9B9A00DABE32 /* ViewController.swift */ = {isa = PBXFileReference; lastKnownFileType = sourcecode.swift; path = ViewController.swift; sourceTree = "<group>"; };
		BF879E561F3C9B9A00DABE32 /* Base */ = {isa = PBXFileReference; lastKnownFileType = file.storyboard; name = Base; path = Base.lproj/Main.storyboard; sourceTree = "<group>"; };
		BF879E581F3C9B9A00DABE32 /* Assets.xcassets */ = {isa = PBXFileReference; lastKnownFileType = folder.assetcatalog; path = Assets.xcassets; sourceTree = "<group>"; };
		BF879E5B1F3C9B9A00DABE32 /* Base */ = {isa = PBXFileReference; lastKnownFileType = file.storyboard; name = Base; path = Base.lproj/LaunchScreen.storyboard; sourceTree = "<group>"; };
		BF879E5D1F3C9B9A00DABE32 /* Info.plist */ = {isa = PBXFileReference; lastKnownFileType = text.plist.xml; path = Info.plist; sourceTree = "<group>"; };
/* End PBXFileReference section */

/* Begin PBXFrameworksBuildPhase section */
		BF879E4B1F3C9B9A00DABE32 /* Frameworks */ = {
			isa = PBXFrameworksBuildPhase;
			buildActionMask = 2147483647;
			files = (
			);
			runOnlyForDeploymentPostprocessing = 0;
		};
/* End PBXFrameworksBuildPhase section */

/* Begin PBXGroup section */
		BF879E451F3C9B9A00DABE32 = {
			isa = PBXGroup;
			children = (
				BF879E501F3C9B9A00DABE32 /* chooseInsurance */,
				BF879E4F1F3C9B9A00DABE32 /* Products */,
			);
			sourceTree = "<group>";
		};
		BF879E4F1F3C9B9A00DABE32 /* Products */ = {
			isa = PBXGroup;
			children = (
				BF879E4E1F3C9B9A00DABE32 /* chooseInsurance.app */,
			);
			name = Products;
			sourceTree = "<group>";
		};
		BF879E501F3C9B9A00DABE32 /* chooseInsurance */ = {
			isa = PBXGroup;
			children = (
				BF879E511F3C9B9A00DABE32 /* AppDelegate.swift */,
				BF879E531F3C9B9A00DABE32 /* ViewController.swift */,
				BF879E551F3C9B9A00DABE32 /* Main.storyboard */,
				BF879E581F3C9B9A00DABE32 /* Assets.xcassets */,
				BF879E5A1F3C9B9A00DABE32 /* LaunchScreen.storyboard */,
				BF879E5D1F3C9B9A00DABE32 /* Info.plist */,
			);
			path = chooseInsurance;
			sourceTree = "<group>";
		};
/* End PBXGroup section */

/* Begin PBXNativeTarget section */
		BF879E4D1F3C9B9A00DABE32 /* chooseInsurance */ = {
			isa = PBXNativeTarget;
			buildConfigurationList = BF879E601F3C9B9A00DABE32 /* Build configuration list for PBXNativeTarget "chooseInsurance" */;
			buildPhases = (
				BF879E4A1F3C9B9A00DABE32 /* Sources */,
				BF879E4B1F3C9B9A00DABE32 /* Frameworks */,
				BF879E4C1F3C9B9A00DABE32 /* Resources */,
			);
			buildRules = (
			);
			dependencies = (
			);
			name = chooseInsurance;
			productName = chooseInsurance;
			productReference = BF879E4E1F3C9B9A00DABE32 /* chooseInsurance.app */;
			productType = "com.apple.product-type.application";
		};
/* End PBXNativeTarget section */

/* Begin PBXProject section */
		BF879E461F3C9B9A00DABE32 /* Project object */ = {
			isa = PBXProject;
			attributes = {
				LastSwiftUpdateCheck = 0900;
				LastUpgradeCheck = 0900;
				ORGANIZATIONNAME = Louis;
				TargetAttributes = {
					BF879E4D1F3C9B9A00DABE32 = {
						CreatedOnToolsVersion = 9.0;
					};
				};
			};
			buildConfigurationList = BF879E491F3C9B9A00DABE32 /* Build configuration list for PBXProject "chooseInsurance" */;
			compatibilityVersion = "Xcode 8.0";
			developmentRegion = en;
			hasScannedForEncodings = 0;
			knownRegions = (
				en,
				Base,
			);
			mainGroup = BF879E451F3C9B9A00DABE32;
			productRefGroup = BF879E4F1F3C9B9A00DABE32 /* Products */;
			projectDirPath = "";
			projectRoot = "";
			targets = (
				BF879E4D1F3C9B9A00DABE32 /* chooseInsurance */,
			);
		};
/* End PBXProject section */

/* Begin PBXResourcesBuildPhase section */
		BF879E4C1F3C9B9A00DABE32 /* Resources */ = {
			isa = PBXResourcesBuildPhase;
			buildActionMask = 2147483647;
			files = (
				BF879E5C1F3C9B9A00DABE32 /* LaunchScreen.storyboard in Resources */,
				BF879E591F3C9B9A00DABE32 /* Assets.xcassets in Resources */,
				BF879E571F3C9B9A00DABE32 /* Main.storyboard in Resources */,
			);
			runOnlyForDeploymentPostprocessing = 0;
		};
/* End PBXResourcesBuildPhase section */

/* Begin PBXSourcesBuildPhase section */
		BF879E4A1F3C9B9A00DABE32 /* Sources */ = {
			isa = PBXSourcesBuildPhase;
			buildActionMask = 2147483647;
			files = (
				BF879E541F3C9B9A00DABE32 /* ViewController.swift in Sources */,
				BF879E521F3C9B9A00DABE32 /* AppDelegate.swift in Sources */,
			);
			runOnlyForDeploymentPostprocessing = 0;
		};
/* End PBXSourcesBuildPhase section */

/* Begin PBXVariantGroup section */
		BF879E551F3C9B9A00DABE32 /* Main.storyboard */ = {
			isa = PBXVariantGroup;
			children = (
				BF879E561F3C9B9A00DABE32 /* Base */,
			);
			name = Main.storyboard;
			sourceTree = "<group>";
		};
		BF879E5A1F3C9B9A00DABE32 /* LaunchScreen.storyboard */ = {
			isa = PBXVariantGroup;
			children = (
				BF879E5B1F3C9B9A00DABE32 /* Base */,
			);
			name = LaunchScreen.storyboard;
			sourceTree = "<group>";
		};
/* End PBXVariantGroup section */

/* Begin XCBuildConfiguration section */
		BF879E5E1F3C9B9A00DABE32 /* Debug */ = {
			isa = XCBuildConfiguration;
			buildSettings = {
				ALWAYS_SEARCH_USER_PATHS = NO;
				CLANG_ANALYZER_NONNULL = YES;
				CLANG_ANALYZER_NUMBER_OBJECT_CONVERSION = YES_AGGRESSIVE;
				CLANG_CXX_LANGUAGE_STANDARD = "gnu++14";
				CLANG_CXX_LIBRARY = "libc++";
				CLANG_ENABLE_MODULES = YES;
				CLANG_ENABLE_OBJC_ARC = YES;
				CLANG_WARN_BLOCK_CAPTURE_AUTORELEASING = YES;
				CLANG_WARN_BOOL_CONVERSION = YES;
				CLANG_WARN_COMMA = YES;
				CLANG_WARN_CONSTANT_CONVERSION = YES;
				CLANG_WARN_DIRECT_OBJC_ISA_USAGE = YES_ERROR;
				CLANG_WARN_DOCUMENTATION_COMMENTS = YES;
				CLANG_WARN_EMPTY_BODY = YES;
				CLANG_WARN_ENUM_CONVERSION = YES;
				CLANG_WARN_INFINITE_RECURSION = YES;
				CLANG_WARN_INT_CONVERSION = YES;
				CLANG_WARN_OBJC_ROOT_CLASS = YES_ERROR;
				CLANG_WARN_RANGE_LOOP_ANALYSIS = YES;
				CLANG_WARN_STRICT_PROTOTYPES = YES;
				CLANG_WARN_SUSPICIOUS_MOVE = YES;
				CLANG_WARN_UNGUARDED_AVAILABILITY = YES_AGGRESSIVE;
				CLANG_WARN_UNREACHABLE_CODE = YES;
				CLANG_WARN__DUPLICATE_METHOD_MATCH = YES;
				CODE_SIGN_IDENTITY = "iPhone Developer";
				COPY_PHASE_STRIP = NO;
				DEBUG_INFORMATION_FORMAT = dwarf;
				ENABLE_STRICT_OBJC_MSGSEND = YES;
				ENABLE_TESTABILITY = YES;
				GCC_C_LANGUAGE_STANDARD = gnu11;
				GCC_DYNAMIC_NO_PIC = NO;
				GCC_NO_COMMON_BLOCKS = YES;
				GCC_OPTIMIZATION_LEVEL = 0;
				GCC_PREPROCESSOR_DEFINITIONS = (
					"DEBUG=1",
					"$(inherited)",
				);
				GCC_WARN_64_TO_32_BIT_CONVERSION = YES;
				GCC_WARN_ABOUT_RETURN_TYPE = YES_ERROR;
				GCC_WARN_UNDECLARED_SELECTOR = YES;
				GCC_WARN_UNINITIALIZED_AUTOS = YES_AGGRESSIVE;
				GCC_WARN_UNUSED_FUNCTION = YES;
				GCC_WARN_UNUSED_VARIABLE = YES;
				IPHONEOS_DEPLOYMENT_TARGET = 11.0;
				MTL_ENABLE_DEBUG_INFO = YES;
				ONLY_ACTIVE_ARCH = YES;
				SDKROOT = iphoneos;
				SWIFT_ACTIVE_COMPILATION_CONDITIONS = DEBUG;
				SWIFT_OPTIMIZATION_LEVEL = "-Onone";
			};
			name = Debug;
		};
		BF879E5F1F3C9B9A00DABE32 /* Release */ = {
			isa = XCBuildConfiguration;
			buildSettings = {
				ALWAYS_SEARCH_USER_PATHS = NO;
				CLANG_ANALYZER_NONNULL = YES;
				CLANG_ANALYZER_NUMBER_OBJECT_CONVERSION = YES_AGGRESSIVE;
				CLANG_CXX_LANGUAGE_STANDARD = "gnu++14";
				CLANG_CXX_LIBRARY = "libc++";
				CLANG_ENABLE_MODULES = YES;
				CLANG_ENABLE_OBJC_ARC = YES;
				CLANG_WARN_BLOCK_CAPTURE_AUTORELEASING = YES;
				CLANG_WARN_BOOL_CONVERSION = YES;
				CLANG_WARN_COMMA = YES;
				CLANG_WARN_CONSTANT_CONVERSION = YES;
				CLANG_WARN_DIRECT_OBJC_ISA_USAGE = YES_ERROR;
				CLANG_WARN_DOCUMENTATION_COMMENTS = YES;
				CLANG_WARN_EMPTY_BODY = YES;
				CLANG_WARN_ENUM_CONVERSION = YES;
				CLANG_WARN_INFINITE_RECURSION = YES;
				CLANG_WARN_INT_CONVERSION = YES;
				CLANG_WARN_OBJC_ROOT_CLASS = YES_ERROR;
				CLANG_WARN_RANGE_LOOP_ANALYSIS = YES;
				CLANG_WARN_STRICT_PROTOTYPES = YES;
				CLANG_WARN_SUSPICIOUS_MOVE = YES;
				CLANG_WARN_UNGUARDED_AVAILABILITY = YES_AGGRESSIVE;
				CLANG_WARN_UNREACHABLE_CODE = YES;
				CLANG_WARN__DUPLICATE_METHOD_MATCH = YES;
				CODE_SIGN_IDENTITY = "iPhone Developer";
				COPY_PHASE_STRIP = NO;
				DEBUG_INFORMATION_FORMAT = "dwarf-with-dsym";
				ENABLE_NS_ASSERTIONS = NO;
				ENABLE_STRICT_OBJC_MSGSEND = YES;
				GCC_C_LANGUAGE_STANDARD = gnu11;
				GCC_NO_COMMON_BLOCKS = YES;
				GCC_WARN_64_TO_32_BIT_CONVERSION = YES;
				GCC_WARN_ABOUT_RETURN_TYPE = YES_ERROR;
				GCC_WARN_UNDECLARED_SELECTOR = YES;
				GCC_WARN_UNINITIALIZED_AUTOS = YES_AGGRESSIVE;
				GCC_WARN_UNUSED_FUNCTION = YES;
				GCC_WARN_UNUSED_VARIABLE = YES;
				IPHONEOS_DEPLOYMENT_TARGET = 11.0;
				MTL_ENABLE_DEBUG_INFO = NO;
				SDKROOT = iphoneos;
				SWIFT_OPTIMIZATION_LEVEL = "-Owholemodule";
				VALIDATE_PRODUCT = YES;
			};
			name = Release;
		};
		BF879E611F3C9B9A00DABE32 /* Debug */ = {
			isa = XCBuildConfiguration;
			buildSettings = {
				ASSETCATALOG_COMPILER_APPICON_NAME = AppIcon;
				INFOPLIST_FILE = chooseInsurance/Info.plist;
				LD_RUNPATH_SEARCH_PATHS = "$(inherited) @executable_path/Frameworks";
				PRODUCT_BUNDLE_IDENTIFIER = handsome.com.chooseInsurance;
				PRODUCT_NAME = "$(TARGET_NAME)";
				SWIFT_VERSION = 4.0;
				TARGETED_DEVICE_FAMILY = "1,2";
			};
			name = Debug;
		};
		BF879E621F3C9B9A00DABE32 /* Release */ = {
			isa = XCBuildConfiguration;
			buildSettings = {
				ASSETCATALOG_COMPILER_APPICON_NAME = AppIcon;
				INFOPLIST_FILE = chooseInsurance/Info.plist;
				LD_RUNPATH_SEARCH_PATHS = "$(inherited) @executable_path/Frameworks";
				PRODUCT_BUNDLE_IDENTIFIER = handsome.com.chooseInsurance;
				PRODUCT_NAME = "$(TARGET_NAME)";
				SWIFT_VERSION = 4.0;
				TARGETED_DEVICE_FAMILY = "1,2";
			};
			name = Release;
		};
/* End XCBuildConfiguration section */

/* Begin XCConfigurationList section */
		BF879E491F3C9B9A00DABE32 /* Build configuration list for PBXProject "chooseInsurance" */ = {
			isa = XCConfigurationList;
			buildConfigurations = (
				BF879E5E1F3C9B9A00DABE32 /* Debug */,
				BF879E5F1F3C9B9A00DABE32 /* Release */,
			);
			defaultConfigurationIsVisible = 0;
			defaultConfigurationName = Release;
		};
		BF879E601F3C9B9A00DABE32 /* Build configuration list for PBXNativeTarget "chooseInsurance" */ = {
			isa = XCConfigurationList;
			buildConfigurations = (
				BF879E611F3C9B9A00DABE32 /* Debug */,
				BF879E621F3C9B9A00DABE32 /* Release */,
			);
			defaultConfigurationIsVisible = 0;
		};
/* End XCConfigurationList section */
	};
	rootObject = BF879E461F3C9B9A00DABE32 /* Project object */;
}
